
Microsoft Visual Studio Solution File, Format Version 12.00
# Visual Studio Version 17
VisualStudioVersion = 17.14.36414.22
MinimumVisualStudioVersion = 10.0.40219.1
Project("{FAE04EC0-301F-11D3-BF4B-00C04F79EFBC}") = "AssetManagementWebApi", "AssetManagementWebApi.csproj", "{C98FEBBF-87C9-43B9-AE56-67A6CD0D068E}"
EndProject
Project("{FAE04EC0-301F-11D3-BF4B-00C04F79EFBC}") = "AssetManagement.CoreEntities", "..\AssetManagement.CoreEntities\AssetManagement.CoreEntities.csproj", "{0FB5027B-7D01-41DE-B042-C79FA63FFE34}"
EndProject
Project("{FAE04EC0-301F-11D3-BF4B-00C04F79EFBC}") = "AssetManagement.Infrastructure", "..\AssetManagement.Infrastructure\AssetManagement.Infrastructure.csproj", "{6C46526B-1C21-4905-AC86-3F7F4E4B48A6}"
EndProject
Project("{FAE04EC0-301F-11D3-BF4B-00C04F79EFBC}") = "AssetManagement.Services", "..\AssetManagement.Services\AssetManagement.Services.csproj", "{0C0B7012-2C43-47C7-91AD-6361121C55A2}"
EndProject
Project("{FAE04EC0-301F-11D3-BF4B-00C04F79EFBC}") = "AssetManagement.WebAPIControllers", "..\AssetManagement.WebAPIControllers\AssetManagement.WebAPIControllers.csproj", "{515794F1-3EA0-4F32-98F9-541C06CD5F52}"
EndProject
Global
	GlobalSection(SolutionConfigurationPlatforms) = preSolution
		Debug|Any CPU = Debug|Any CPU
		Release|Any CPU = Release|Any CPU
	EndGlobalSection
	GlobalSection(ProjectConfigurationPlatforms) = postSolution
		{C98FEBBF-87C9-43B9-AE56-67A6CD0D068E}.Debug|Any CPU.ActiveCfg = Debug|Any CPU
		{C98FEBBF-87C9-43B9-AE56-67A6CD0D068E}.Debug|Any CPU.Build.0 = Debug|Any CPU
		{C98FEBBF-87C9-43B9-AE56-67A6CD0D068E}.Release|Any CPU.ActiveCfg = Release|Any CPU
		{C98FEBBF-87C9-43B9-AE56-67A6CD0D068E}.Release|Any CPU.Build.0 = Release|Any CPU
		{0FB5027B-7D01-41DE-B042-C79FA63FFE34}.Debug|Any CPU.ActiveCfg = Debug|Any CPU
		{0FB5027B-7D01-41DE-B042-C79FA63FFE34}.Debug|Any CPU.Build.0 = Debug|Any CPU
		{0FB5027B-7D01-41DE-B042-C79FA63FFE34}.Release|Any CPU.ActiveCfg = Release|Any CPU
		{0FB5027B-7D01-41DE-B042-C79FA63FFE34}.Release|Any CPU.Build.0 = Release|Any CPU
		{6C46526B-1C21-4905-AC86-3F7F4E4B48A6}.Debug|Any CPU.ActiveCfg = Debug|Any CPU
		{6C46526B-1C21-4905-AC86-3F7F4E4B48A6}.Debug|Any CPU.Build.0 = Debug|Any CPU
		{6C46526B-1C21-4905-AC86-3F7F4E4B48A6}.Release|Any CPU.ActiveCfg = Release|Any CPU
		{6C46526B-1C21-4905-AC86-3F7F4E4B48A6}.Release|Any CPU.Build.0 = Release|Any CPU
		{0C0B7012-2C43-47C7-91AD-6361121C55A2}.Debug|Any CPU.ActiveCfg = Debug|Any CPU
		{0C0B7012-2C43-47C7-91AD-6361121C55A2}.Debug|Any CPU.Build.0 = Debug|Any CPU
		{0C0B7012-2C43-47C7-91AD-6361121C55A2}.Release|Any CPU.ActiveCfg = Release|Any CPU
		{0C0B7012-2C43-47C7-91AD-6361121C55A2}.Release|Any CPU.Build.0 = Release|Any CPU
		{515794F1-3EA0-4F32-98F9-541C06CD5F52}.Debug|Any CPU.ActiveCfg = Debug|Any CPU
		{515794F1-3EA0-4F32-98F9-541C06CD5F52}.Debug|Any CPU.Build.0 = Debug|Any CPU
		{515794F1-3EA0-4F32-98F9-541C06CD5F52}.Release|Any CPU.ActiveCfg = Release|Any CPU
		{515794F1-3EA0-4F32-98F9-541C06CD5F52}.Release|Any CPU.Build.0 = Release|Any CPU
	EndGlobalSection
	GlobalSection(SolutionProperties) = preSolution
		HideSolutionNode = FALSE
	EndGlobalSection
	GlobalSection(ExtensibilityGlobals) = postSolution
		SolutionGuid = {17B3A084-F635-4277-B53F-9D7DD232D05D}
	EndGlobalSection
EndGlobal
